
Microsoft Visual Studio Solution File, Format Version 12.00
# Visual Studio Version 17
VisualStudioVersion = 17.5.002.0
MinimumVisualStudioVersion = 10.0.40219.1
Project("{9A19103F-16F7-4668-BE54-9A1E7A4F7556}") = "pr1", "pr1.csproj", "{68096101-E995-4D7C-B93F-BC27FAE575E1}"
EndProject
Global
	GlobalSection(SolutionConfigurationPlatforms) = preSolution
		Debug|Any CPU = Debug|Any CPU
		Release|Any CPU = Release|Any CPU
	EndGlobalSection
	GlobalSection(ProjectConfigurationPlatforms) = postSolution
		{68096101-E995-4D7C-B93F-BC27FAE575E1}.Debug|Any CPU.ActiveCfg = Debug|Any CPU
		{68096101-E995-4D7C-B93F-BC27FAE575E1}.Debug|Any CPU.Build.0 = Debug|Any CPU
		{68096101-E995-4D7C-B93F-BC27FAE575E1}.Release|Any CPU.ActiveCfg = Release|Any CPU
		{68096101-E995-4D7C-B93F-BC27FAE575E1}.Release|Any CPU.Build.0 = Release|Any CPU
	EndGlobalSection
	GlobalSection(SolutionProperties) = preSolution
		HideSolutionNode = FALSE
	EndGlobalSection
	GlobalSection(ExtensibilityGlobals) = postSolution
		SolutionGuid = {C53AD02A-9771-41FF-8ABA-FC0D799980FF}
	EndGlobalSection
EndGlobal
